
Microsoft Visual Studio Solution File, Format Version 12.00
# Visual Studio Version 17
VisualStudioVersion = 17.0.31919.166
MinimumVisualStudioVersion = 10.0.40219.1
Project("{FAE04EC0-301F-11D3-BF4B-00C04F79EFBC}") = "DonkeyKongClone", "DonkeyKongClone\DonkeyKongClone.csproj", "{74AA4A3A-E237-433D-99EB-3145EA4C26C2}"
EndProject
Global
	GlobalSection(SolutionConfigurationPlatforms) = preSolution
		Debug|Any CPU = Debug|Any CPU
		Release|Any CPU = Release|Any CPU
	EndGlobalSection
	GlobalSection(ProjectConfigurationPlatforms) = postSolution
		{74AA4A3A-E237-433D-99EB-3145EA4C26C2}.Debug|Any CPU.ActiveCfg = Debug|Any CPU
		{74AA4A3A-E237-433D-99EB-3145EA4C26C2}.Debug|Any CPU.Build.0 = Debug|Any CPU
		{74AA4A3A-E237-433D-99EB-3145EA4C26C2}.Release|Any CPU.ActiveCfg = Release|Any CPU
		{74AA4A3A-E237-433D-99EB-3145EA4C26C2}.Release|Any CPU.Build.0 = Release|Any CPU
	EndGlobalSection
	GlobalSection(SolutionProperties) = preSolution
		HideSolutionNode = FALSE
	EndGlobalSection
	GlobalSection(ExtensibilityGlobals) = postSolution
		SolutionGuid = {73A0F588-B1A8-4071-A1A1-AD9304DFCBB6}
	EndGlobalSection
EndGlobal
